// !$*UTF8*$!
{
	archiveVersion = 1;
	classes = {
	};
	objectVersion = 55;
	objects = {

/* Begin PBXBuildFile section */
		5C9BED7CF954A922EAE48C43 /* Pods_Basic.framework in Frameworks */ = {isa = PBXBuildFile; fileRef = A3C1D09CD7F853B1F69B21C9 /* Pods_Basic.framework */; };
		690EAF5329298A74005F3318 /* Sono-Bold.ttf in Resources */ = {isa = PBXBuildFile; fileRef = 690EAF4C29298A74005F3318 /* Sono-Bold.ttf */; };
		690EAF5429298A74005F3318 /* Sono-ExtraBold.ttf in Resources */ = {isa = PBXBuildFile; fileRef = 690EAF4D29298A74005F3318 /* Sono-ExtraBold.ttf */; };
		690EAF5529298A74005F3318 /* Sono-Regular.ttf in Resources */ = {isa = PBXBuildFile; fileRef = 690EAF4E29298A74005F3318 /* Sono-Regular.ttf */; };
		690EAF5629298A74005F3318 /* Sono-ExtraLight.ttf in Resources */ = {isa = PBXBuildFile; fileRef = 690EAF4F29298A74005F3318 /* Sono-ExtraLight.ttf */; };
		690EAF5729298A74005F3318 /* Sono-SemiBold.ttf in Resources */ = {isa = PBXBuildFile; fileRef = 690EAF5029298A74005F3318 /* Sono-SemiBold.ttf */; };
		690EAF5829298A74005F3318 /* Sono-Medium.ttf in Resources */ = {isa = PBXBuildFile; fileRef = 690EAF5129298A74005F3318 /* Sono-Medium.ttf */; };
		690EAF5929298A74005F3318 /* Sono-Light.ttf in Resources */ = {isa = PBXBuildFile; fileRef = 690EAF5229298A74005F3318 /* Sono-Light.ttf */; };
		690EAF5C29298C36005F3318 /* AppColors.swift in Sources */ = {isa = PBXBuildFile; fileRef = 690EAF5B29298C36005F3318 /* AppColors.swift */; };
		690EAF5E29298F98005F3318 /* AppCustomLabel.swift in Sources */ = {isa = PBXBuildFile; fileRef = 690EAF5D29298F98005F3318 /* AppCustomLabel.swift */; };
		690EAF6029299577005F3318 /* ViewExtension.swift in Sources */ = {isa = PBXBuildFile; fileRef = 690EAF5F29299577005F3318 /* ViewExtension.swift */; };
		690EAF6229299D74005F3318 /* GoogleService-Info.plist in Resources */ = {isa = PBXBuildFile; fileRef = 690EAF6129299D74005F3318 /* GoogleService-Info.plist */; };
		690EAF64292A125D005F3318 /* HomeScreenViewController.swift in Sources */ = {isa = PBXBuildFile; fileRef = 690EAF63292A125D005F3318 /* HomeScreenViewController.swift */; };
		692276F4292A5C5C00C75D4E /* Views.storyboard in Resources */ = {isa = PBXBuildFile; fileRef = 692276F3292A5C5C00C75D4E /* Views.storyboard */; };
		692276F6292A5C8E00C75D4E /* LabelUsingStoryBoardVC.swift in Sources */ = {isa = PBXBuildFile; fileRef = 692276F5292A5C8E00C75D4E /* LabelUsingStoryBoardVC.swift */; };
		692276FA292A651B00C75D4E /* LbelProgramiticallyViewController.swift in Sources */ = {isa = PBXBuildFile; fileRef = 692276F9292A651B00C75D4E /* LbelProgramiticallyViewController.swift */; };
		692276FD292A70B800C75D4E /* TableViewConcepts.storyboard in Resources */ = {isa = PBXBuildFile; fileRef = 692276FC292A70B800C75D4E /* TableViewConcepts.storyboard */; };
		692276FF292A70E900C75D4E /* HardCodedArrayVC.swift in Sources */ = {isa = PBXBuildFile; fileRef = 692276FE292A70E900C75D4E /* HardCodedArrayVC.swift */; };
		694F6109292A90A700FD2830 /* ButtonProgramaticallyVC.swift in Sources */ = {isa = PBXBuildFile; fileRef = 694F6108292A90A700FD2830 /* ButtonProgramaticallyVC.swift */; };
		694F610B292A94A300FD2830 /* TextFieldUsingStoryBoardVC.swift in Sources */ = {isa = PBXBuildFile; fileRef = 694F610A292A94A300FD2830 /* TextFieldUsingStoryBoardVC.swift */; };
		694F610D292A966900FD2830 /* TextViewUsingStoryBoardVC.swift in Sources */ = {isa = PBXBuildFile; fileRef = 694F610C292A966900FD2830 /* TextViewUsingStoryBoardVC.swift */; };
		694F610F292A974200FD2830 /* SwitchUsingStoryboardVC.swift in Sources */ = {isa = PBXBuildFile; fileRef = 694F610E292A974200FD2830 /* SwitchUsingStoryboardVC.swift */; };
		694F6111292A97BD00FD2830 /* SliderUsingStoryboardVC.swift in Sources */ = {isa = PBXBuildFile; fileRef = 694F6110292A97BD00FD2830 /* SliderUsingStoryboardVC.swift */; };
		694F6113292A98F300FD2830 /* ActivityIndicatorVC.swift in Sources */ = {isa = PBXBuildFile; fileRef = 694F6112292A98F300FD2830 /* ActivityIndicatorVC.swift */; };
		694F6115292A99A500FD2830 /* TextFieldProgramaticallyVC.swift in Sources */ = {isa = PBXBuildFile; fileRef = 694F6114292A99A500FD2830 /* TextFieldProgramaticallyVC.swift */; };
		694F6117292A99DA00FD2830 /* TextViewProgramaticallyVC.swift in Sources */ = {isa = PBXBuildFile; fileRef = 694F6116292A99DA00FD2830 /* TextViewProgramaticallyVC.swift */; };
		694F6119292A9A2000FD2830 /* SwitchProgramaticallyVC.swift in Sources */ = {isa = PBXBuildFile; fileRef = 694F6118292A9A2000FD2830 /* SwitchProgramaticallyVC.swift */; };
		694F611B292A9A8F00FD2830 /* ActivityIndicatorProgrammaticallyVC.swift in Sources */ = {isa = PBXBuildFile; fileRef = 694F611A292A9A8F00FD2830 /* ActivityIndicatorProgrammaticallyVC.swift */; };
		694F611D292A9F4F00FD2830 /* SliderProgrammaticallyVC.swift in Sources */ = {isa = PBXBuildFile; fileRef = 694F611C292A9F4F00FD2830 /* SliderProgrammaticallyVC.swift */; };
		697A52DD292A76F500990DD3 /* VCExtension.swift in Sources */ = {isa = PBXBuildFile; fileRef = 697A52DC292A76F500990DD3 /* VCExtension.swift */; };
		697A52DF292A790500990DD3 /* InsertOrDeleteNameViewController.swift in Sources */ = {isa = PBXBuildFile; fileRef = 697A52DE292A790500990DD3 /* InsertOrDeleteNameViewController.swift */; };
		697A52E1292A7B0900990DD3 /* HeaderTitleViewController.swift in Sources */ = {isa = PBXBuildFile; fileRef = 697A52E0292A7B0800990DD3 /* HeaderTitleViewController.swift */; };
		697A52E3292A88E200990DD3 /* ButtonUsingStoryBoardVC.swift in Sources */ = {isa = PBXBuildFile; fileRef = 697A52E2292A88E200990DD3 /* ButtonUsingStoryBoardVC.swift */; };
		69FB85682928ACEF00A9F2FF /* AppDelegate.swift in Sources */ = {isa = PBXBuildFile; fileRef = 69FB85672928ACEF00A9F2FF /* AppDelegate.swift */; };
		69FB856A2928ACEF00A9F2FF /* SceneDelegate.swift in Sources */ = {isa = PBXBuildFile; fileRef = 69FB85692928ACEF00A9F2FF /* SceneDelegate.swift */; };
		69FB856C2928ACEF00A9F2FF /* ViewController.swift in Sources */ = {isa = PBXBuildFile; fileRef = 69FB856B2928ACEF00A9F2FF /* ViewController.swift */; };
		69FB856F2928ACEF00A9F2FF /* Main.storyboard in Resources */ = {isa = PBXBuildFile; fileRef = 69FB856D2928ACEF00A9F2FF /* Main.storyboard */; };
		69FB85712928ACF300A9F2FF /* Assets.xcassets in Resources */ = {isa = PBXBuildFile; fileRef = 69FB85702928ACF300A9F2FF /* Assets.xcassets */; };
		69FB85742928ACF300A9F2FF /* LaunchScreen.storyboard in Resources */ = {isa = PBXBuildFile; fileRef = 69FB85722928ACF300A9F2FF /* LaunchScreen.storyboard */; };
/* End PBXBuildFile section */

/* Begin PBXFileReference section */
		574350963843AD3E25AF524F /* Pods-Basic.debug.xcconfig */ = {isa = PBXFileReference; includeInIndex = 1; lastKnownFileType = text.xcconfig; name = "Pods-Basic.debug.xcconfig"; path = "Target Support Files/Pods-Basic/Pods-Basic.debug.xcconfig"; sourceTree = "<group>"; };
		690EAF4C29298A74005F3318 /* Sono-Bold.ttf */ = {isa = PBXFileReference; lastKnownFileType = file; path = "Sono-Bold.ttf"; sourceTree = "<group>"; };
		690EAF4D29298A74005F3318 /* Sono-ExtraBold.ttf */ = {isa = PBXFileReference; lastKnownFileType = file; path = "Sono-ExtraBold.ttf"; sourceTree = "<group>"; };
		690EAF4E29298A74005F3318 /* Sono-Regular.ttf */ = {isa = PBXFileReference; lastKnownFileType = file; path = "Sono-Regular.ttf"; sourceTree = "<group>"; };
		690EAF4F29298A74005F3318 /* Sono-ExtraLight.ttf */ = {isa = PBXFileReference; lastKnownFileType = file; path = "Sono-ExtraLight.ttf"; sourceTree = "<group>"; };
		690EAF5029298A74005F3318 /* Sono-SemiBold.ttf */ = {isa = PBXFileReference; lastKnownFileType = file; path = "Sono-SemiBold.ttf"; sourceTree = "<group>"; };
		690EAF5129298A74005F3318 /* Sono-Medium.ttf */ = {isa = PBXFileReference; lastKnownFileType = file; path = "Sono-Medium.ttf"; sourceTree = "<group>"; };
		690EAF5229298A74005F3318 /* Sono-Light.ttf */ = {isa = PBXFileReference; lastKnownFileType = file; path = "Sono-Light.ttf"; sourceTree = "<group>"; };
		690EAF5B29298C36005F3318 /* AppColors.swift */ = {isa = PBXFileReference; lastKnownFileType = sourcecode.swift; path = AppColors.swift; sourceTree = "<group>"; };
		690EAF5D29298F98005F3318 /* AppCustomLabel.swift */ = {isa = PBXFileReference; lastKnownFileType = sourcecode.swift; path = AppCustomLabel.swift; sourceTree = "<group>"; };
		690EAF5F29299577005F3318 /* ViewExtension.swift */ = {isa = PBXFileReference; lastKnownFileType = sourcecode.swift; path = ViewExtension.swift; sourceTree = "<group>"; };
		690EAF6129299D74005F3318 /* GoogleService-Info.plist */ = {isa = PBXFileReference; fileEncoding = 4; lastKnownFileType = text.plist.xml; path = "GoogleService-Info.plist"; sourceTree = "<group>"; };
		690EAF63292A125D005F3318 /* HomeScreenViewController.swift */ = {isa = PBXFileReference; lastKnownFileType = sourcecode.swift; path = HomeScreenViewController.swift; sourceTree = "<group>"; };
		692276F3292A5C5C00C75D4E /* Views.storyboard */ = {isa = PBXFileReference; lastKnownFileType = file.storyboard; path = Views.storyboard; sourceTree = "<group>"; };
		692276F5292A5C8E00C75D4E /* LabelUsingStoryBoardVC.swift */ = {isa = PBXFileReference; lastKnownFileType = sourcecode.swift; path = LabelUsingStoryBoardVC.swift; sourceTree = "<group>"; };
		692276F9292A651B00C75D4E /* LbelProgramiticallyViewController.swift */ = {isa = PBXFileReference; lastKnownFileType = sourcecode.swift; path = LbelProgramiticallyViewController.swift; sourceTree = "<group>"; };
		692276FC292A70B800C75D4E /* TableViewConcepts.storyboard */ = {isa = PBXFileReference; lastKnownFileType = file.storyboard; path = TableViewConcepts.storyboard; sourceTree = "<group>"; };
		692276FE292A70E900C75D4E /* HardCodedArrayVC.swift */ = {isa = PBXFileReference; lastKnownFileType = sourcecode.swift; path = HardCodedArrayVC.swift; sourceTree = "<group>"; };
		694F6108292A90A700FD2830 /* ButtonProgramaticallyVC.swift */ = {isa = PBXFileReference; lastKnownFileType = sourcecode.swift; path = ButtonProgramaticallyVC.swift; sourceTree = "<group>"; };
		694F610A292A94A300FD2830 /* TextFieldUsingStoryBoardVC.swift */ = {isa = PBXFileReference; lastKnownFileType = sourcecode.swift; path = TextFieldUsingStoryBoardVC.swift; sourceTree = "<group>"; };
		694F610C292A966900FD2830 /* TextViewUsingStoryBoardVC.swift */ = {isa = PBXFileReference; lastKnownFileType = sourcecode.swift; path = TextViewUsingStoryBoardVC.swift; sourceTree = "<group>"; };
		694F610E292A974200FD2830 /* SwitchUsingStoryboardVC.swift */ = {isa = PBXFileReference; lastKnownFileType = sourcecode.swift; path = SwitchUsingStoryboardVC.swift; sourceTree = "<group>"; };
		694F6110292A97BD00FD2830 /* SliderUsingStoryboardVC.swift */ = {isa = PBXFileReference; lastKnownFileType = sourcecode.swift; path = SliderUsingStoryboardVC.swift; sourceTree = "<group>"; };
		694F6112292A98F300FD2830 /* ActivityIndicatorVC.swift */ = {isa = PBXFileReference; lastKnownFileType = sourcecode.swift; path = ActivityIndicatorVC.swift; sourceTree = "<group>"; };
		694F6114292A99A500FD2830 /* TextFieldProgramaticallyVC.swift */ = {isa = PBXFileReference; lastKnownFileType = sourcecode.swift; path = TextFieldProgramaticallyVC.swift; sourceTree = "<group>"; };
		694F6116292A99DA00FD2830 /* TextViewProgramaticallyVC.swift */ = {isa = PBXFileReference; lastKnownFileType = sourcecode.swift; path = TextViewProgramaticallyVC.swift; sourceTree = "<group>"; };
		694F6118292A9A2000FD2830 /* SwitchProgramaticallyVC.swift */ = {isa = PBXFileReference; lastKnownFileType = sourcecode.swift; path = SwitchProgramaticallyVC.swift; sourceTree = "<group>"; };
		694F611A292A9A8F00FD2830 /* ActivityIndicatorProgrammaticallyVC.swift */ = {isa = PBXFileReference; lastKnownFileType = sourcecode.swift; path = ActivityIndicatorProgrammaticallyVC.swift; sourceTree = "<group>"; };
		694F611C292A9F4F00FD2830 /* SliderProgrammaticallyVC.swift */ = {isa = PBXFileReference; lastKnownFileType = sourcecode.swift; path = SliderProgrammaticallyVC.swift; sourceTree = "<group>"; };
		697A52DC292A76F500990DD3 /* VCExtension.swift */ = {isa = PBXFileReference; lastKnownFileType = sourcecode.swift; path = VCExtension.swift; sourceTree = "<group>"; };
		697A52DE292A790500990DD3 /* InsertOrDeleteNameViewController.swift */ = {isa = PBXFileReference; lastKnownFileType = sourcecode.swift; path = InsertOrDeleteNameViewController.swift; sourceTree = "<group>"; };
		697A52E0292A7B0800990DD3 /* HeaderTitleViewController.swift */ = {isa = PBXFileReference; lastKnownFileType = sourcecode.swift; path = HeaderTitleViewController.swift; sourceTree = "<group>"; };
		697A52E2292A88E200990DD3 /* ButtonUsingStoryBoardVC.swift */ = {isa = PBXFileReference; lastKnownFileType = sourcecode.swift; path = ButtonUsingStoryBoardVC.swift; sourceTree = "<group>"; };
		69FB85642928ACEF00A9F2FF /* Basic.app */ = {isa = PBXFileReference; explicitFileType = wrapper.application; includeInIndex = 0; path = Basic.app; sourceTree = BUILT_PRODUCTS_DIR; };
		69FB85672928ACEF00A9F2FF /* AppDelegate.swift */ = {isa = PBXFileReference; lastKnownFileType = sourcecode.swift; path = AppDelegate.swift; sourceTree = "<group>"; };
		69FB85692928ACEF00A9F2FF /* SceneDelegate.swift */ = {isa = PBXFileReference; lastKnownFileType = sourcecode.swift; path = SceneDelegate.swift; sourceTree = "<group>"; };
		69FB856B2928ACEF00A9F2FF /* ViewController.swift */ = {isa = PBXFileReference; lastKnownFileType = sourcecode.swift; path = ViewController.swift; sourceTree = "<group>"; };
		69FB856E2928ACEF00A9F2FF /* Base */ = {isa = PBXFileReference; lastKnownFileType = file.storyboard; name = Base; path = Base.lproj/Main.storyboard; sourceTree = "<group>"; };
		69FB85702928ACF300A9F2FF /* Assets.xcassets */ = {isa = PBXFileReference; lastKnownFileType = folder.assetcatalog; path = Assets.xcassets; sourceTree = "<group>"; };
		69FB85732928ACF300A9F2FF /* Base */ = {isa = PBXFileReference; lastKnownFileType = file.storyboard; name = Base; path = Base.lproj/LaunchScreen.storyboard; sourceTree = "<group>"; };
		69FB85752928ACF300A9F2FF /* Info.plist */ = {isa = PBXFileReference; lastKnownFileType = text.plist.xml; path = Info.plist; sourceTree = "<group>"; };
		6D8607DB810F73682FDE7FE9 /* Pods-Basic.release.xcconfig */ = {isa = PBXFileReference; includeInIndex = 1; lastKnownFileType = text.xcconfig; name = "Pods-Basic.release.xcconfig"; path = "Target Support Files/Pods-Basic/Pods-Basic.release.xcconfig"; sourceTree = "<group>"; };
		A3C1D09CD7F853B1F69B21C9 /* Pods_Basic.framework */ = {isa = PBXFileReference; explicitFileType = wrapper.framework; includeInIndex = 0; path = Pods_Basic.framework; sourceTree = BUILT_PRODUCTS_DIR; };
/* End PBXFileReference section */

/* Begin PBXFrameworksBuildPhase section */
		69FB85612928ACEE00A9F2FF /* Frameworks */ = {
			isa = PBXFrameworksBuildPhase;
			buildActionMask = 2147483647;
			files = (
				5C9BED7CF954A922EAE48C43 /* Pods_Basic.framework in Frameworks */,
			);
			runOnlyForDeploymentPostprocessing = 0;
		};
/* End PBXFrameworksBuildPhase section */

/* Begin PBXGroup section */
		690EAF4B29298A4B005F3318 /* Fonts */ = {
			isa = PBXGroup;
			children = (
				690EAF4C29298A74005F3318 /* Sono-Bold.ttf */,
				690EAF4D29298A74005F3318 /* Sono-ExtraBold.ttf */,
				690EAF4F29298A74005F3318 /* Sono-ExtraLight.ttf */,
				690EAF5229298A74005F3318 /* Sono-Light.ttf */,
				690EAF5129298A74005F3318 /* Sono-Medium.ttf */,
				690EAF4E29298A74005F3318 /* Sono-Regular.ttf */,
				690EAF5029298A74005F3318 /* Sono-SemiBold.ttf */,
			);
			path = Fonts;
			sourceTree = "<group>";
		};
		690EAF5A29298C0A005F3318 /* Extensions_and_additional */ = {
			isa = PBXGroup;
			children = (
				690EAF5B29298C36005F3318 /* AppColors.swift */,
				690EAF5D29298F98005F3318 /* AppCustomLabel.swift */,
				690EAF5F29299577005F3318 /* ViewExtension.swift */,
				697A52DC292A76F500990DD3 /* VCExtension.swift */,
			);
			path = Extensions_and_additional;
			sourceTree = "<group>";
		};
		692276F2292A57D300C75D4E /* Views */ = {
			isa = PBXGroup;
			children = (
				692276F5292A5C8E00C75D4E /* LabelUsingStoryBoardVC.swift */,
				692276F9292A651B00C75D4E /* LbelProgramiticallyViewController.swift */,
				697A52E2292A88E200990DD3 /* ButtonUsingStoryBoardVC.swift */,
				694F6108292A90A700FD2830 /* ButtonProgramaticallyVC.swift */,
				694F610A292A94A300FD2830 /* TextFieldUsingStoryBoardVC.swift */,
				694F6114292A99A500FD2830 /* TextFieldProgramaticallyVC.swift */,
				694F610C292A966900FD2830 /* TextViewUsingStoryBoardVC.swift */,
				694F6116292A99DA00FD2830 /* TextViewProgramaticallyVC.swift */,
				694F610E292A974200FD2830 /* SwitchUsingStoryboardVC.swift */,
				694F6118292A9A2000FD2830 /* SwitchProgramaticallyVC.swift */,
				694F6110292A97BD00FD2830 /* SliderUsingStoryboardVC.swift */,
				694F611C292A9F4F00FD2830 /* SliderProgrammaticallyVC.swift */,
				694F6112292A98F300FD2830 /* ActivityIndicatorVC.swift */,
				694F611A292A9A8F00FD2830 /* ActivityIndicatorProgrammaticallyVC.swift */,
				692276F3292A5C5C00C75D4E /* Views.storyboard */,
			);
			path = Views;
			sourceTree = "<group>";
		};
		692276FB292A709E00C75D4E /* TableViewConcepts */ = {
			isa = PBXGroup;
			children = (
				692276FC292A70B800C75D4E /* TableViewConcepts.storyboard */,
				692276FE292A70E900C75D4E /* HardCodedArrayVC.swift */,
				697A52E0292A7B0800990DD3 /* HeaderTitleViewController.swift */,
				697A52DE292A790500990DD3 /* InsertOrDeleteNameViewController.swift */,
			);
			path = TableViewConcepts;
			sourceTree = "<group>";
		};
		69FB855B2928ACEE00A9F2FF = {
			isa = PBXGroup;
			children = (
				69FB85662928ACEF00A9F2FF /* Basic */,
				69FB85652928ACEF00A9F2FF /* Products */,
				D2D7CAE81E7019D28CAFAE79 /* Pods */,
				C9B617394B7698F3B60D6846 /* Frameworks */,
			);
			sourceTree = "<group>";
		};
		69FB85652928ACEF00A9F2FF /* Products */ = {
			isa = PBXGroup;
			children = (
				69FB85642928ACEF00A9F2FF /* Basic.app */,
			);
			name = Products;
			sourceTree = "<group>";
		};
		69FB85662928ACEF00A9F2FF /* Basic */ = {
			isa = PBXGroup;
			children = (
				69FB85672928ACEF00A9F2FF /* AppDelegate.swift */,
				69FB85692928ACEF00A9F2FF /* SceneDelegate.swift */,
				69FB856B2928ACEF00A9F2FF /* ViewController.swift */,
				690EAF63292A125D005F3318 /* HomeScreenViewController.swift */,
				692276F2292A57D300C75D4E /* Views */,
				692276FB292A709E00C75D4E /* TableViewConcepts */,
				69FB856D2928ACEF00A9F2FF /* Main.storyboard */,
				69FB85702928ACF300A9F2FF /* Assets.xcassets */,
				69FB85722928ACF300A9F2FF /* LaunchScreen.storyboard */,
				69FB85752928ACF300A9F2FF /* Info.plist */,
				690EAF6129299D74005F3318 /* GoogleService-Info.plist */,
				690EAF5A29298C0A005F3318 /* Extensions_and_additional */,
				690EAF4B29298A4B005F3318 /* Fonts */,
			);
			path = Basic;
			sourceTree = "<group>";
		};
		C9B617394B7698F3B60D6846 /* Frameworks */ = {
			isa = PBXGroup;
			children = (
				A3C1D09CD7F853B1F69B21C9 /* Pods_Basic.framework */,
			);
			name = Frameworks;
			sourceTree = "<group>";
		};
		D2D7CAE81E7019D28CAFAE79 /* Pods */ = {
			isa = PBXGroup;
			children = (
				574350963843AD3E25AF524F /* Pods-Basic.debug.xcconfig */,
				6D8607DB810F73682FDE7FE9 /* Pods-Basic.release.xcconfig */,
			);
			path = Pods;
			sourceTree = "<group>";
		};
/* End PBXGroup section */

/* Begin PBXNativeTarget section */
		69FB85632928ACEE00A9F2FF /* Basic */ = {
			isa = PBXNativeTarget;
			buildConfigurationList = 69FB85782928ACF300A9F2FF /* Build configuration list for PBXNativeTarget "Basic" */;
			buildPhases = (
				9FCA11B7A4191D77A19C98B0 /* [CP] Check Pods Manifest.lock */,
				69FB85602928ACEE00A9F2FF /* Sources */,
				69FB85612928ACEE00A9F2FF /* Frameworks */,
				69FB85622928ACEE00A9F2FF /* Resources */,
				E7520F544C851988096DEFB7 /* [CP] Embed Pods Frameworks */,
			);
			buildRules = (
			);
			dependencies = (
			);
			name = Basic;
			productName = Basic;
			productReference = 69FB85642928ACEF00A9F2FF /* Basic.app */;
			productType = "com.apple.product-type.application";
		};
/* End PBXNativeTarget section */

/* Begin PBXProject section */
		69FB855C2928ACEE00A9F2FF /* Project object */ = {
			isa = PBXProject;
			attributes = {
				BuildIndependentTargetsInParallel = 1;
				LastSwiftUpdateCheck = 1330;
				LastUpgradeCheck = 1330;
				TargetAttributes = {
					69FB85632928ACEE00A9F2FF = {
						CreatedOnToolsVersion = 13.3.1;
					};
				};
			};
			buildConfigurationList = 69FB855F2928ACEE00A9F2FF /* Build configuration list for PBXProject "Basic" */;
			compatibilityVersion = "Xcode 13.0";
			developmentRegion = en;
			hasScannedForEncodings = 0;
			knownRegions = (
				en,
				Base,
			);
			mainGroup = 69FB855B2928ACEE00A9F2FF;
			productRefGroup = 69FB85652928ACEF00A9F2FF /* Products */;
			projectDirPath = "";
			projectRoot = "";
			targets = (
				69FB85632928ACEE00A9F2FF /* Basic */,
			);
		};
/* End PBXProject section */

/* Begin PBXResourcesBuildPhase section */
		69FB85622928ACEE00A9F2FF /* Resources */ = {
			isa = PBXResourcesBuildPhase;
			buildActionMask = 2147483647;
			files = (
				690EAF5929298A74005F3318 /* Sono-Light.ttf in Resources */,
				690EAF5729298A74005F3318 /* Sono-SemiBold.ttf in Resources */,
				690EAF5629298A74005F3318 /* Sono-ExtraLight.ttf in Resources */,
				692276FD292A70B800C75D4E /* TableViewConcepts.storyboard in Resources */,
				690EAF5529298A74005F3318 /* Sono-Regular.ttf in Resources */,
				69FB85742928ACF300A9F2FF /* LaunchScreen.storyboard in Resources */,
				690EAF5429298A74005F3318 /* Sono-ExtraBold.ttf in Resources */,
				69FB85712928ACF300A9F2FF /* Assets.xcassets in Resources */,
				690EAF5829298A74005F3318 /* Sono-Medium.ttf in Resources */,
				690EAF6229299D74005F3318 /* GoogleService-Info.plist in Resources */,
				692276F4292A5C5C00C75D4E /* Views.storyboard in Resources */,
				690EAF5329298A74005F3318 /* Sono-Bold.ttf in Resources */,
				69FB856F2928ACEF00A9F2FF /* Main.storyboard in Resources */,
			);
			runOnlyForDeploymentPostprocessing = 0;
		};
/* End PBXResourcesBuildPhase section */

/* Begin PBXShellScriptBuildPhase section */
		9FCA11B7A4191D77A19C98B0 /* [CP] Check Pods Manifest.lock */ = {
			isa = PBXShellScriptBuildPhase;
			buildActionMask = 2147483647;
			files = (
			);
			inputFileListPaths = (
			);
			inputPaths = (
				"${PODS_PODFILE_DIR_PATH}/Podfile.lock",
				"${PODS_ROOT}/Manifest.lock",
			);
			name = "[CP] Check Pods Manifest.lock";
			outputFileListPaths = (
			);
			outputPaths = (
				"$(DERIVED_FILE_DIR)/Pods-Basic-checkManifestLockResult.txt",
			);
			runOnlyForDeploymentPostprocessing = 0;
			shellPath = /bin/sh;
			shellScript = "diff \"${PODS_PODFILE_DIR_PATH}/Podfile.lock\" \"${PODS_ROOT}/Manifest.lock\" > /dev/null\nif [ $? != 0 ] ; then\n    # print error to STDERR\n    echo \"error: The sandbox is not in sync with the Podfile.lock. Run 'pod install' or update your CocoaPods installation.\" >&2\n    exit 1\nfi\n# This output is used by Xcode 'outputs' to avoid re-running this script phase.\necho \"SUCCESS\" > \"${SCRIPT_OUTPUT_FILE_0}\"\n";
			showEnvVarsInLog = 0;
		};
		E7520F544C851988096DEFB7 /* [CP] Embed Pods Frameworks */ = {
			isa = PBXShellScriptBuildPhase;
			buildActionMask = 2147483647;
			files = (
			);
			inputFileListPaths = (
				"${PODS_ROOT}/Target Support Files/Pods-Basic/Pods-Basic-frameworks-${CONFIGURATION}-input-files.xcfilelist",
			);
			name = "[CP] Embed Pods Frameworks";
			outputFileListPaths = (
				"${PODS_ROOT}/Target Support Files/Pods-Basic/Pods-Basic-frameworks-${CONFIGURATION}-output-files.xcfilelist",
			);
			runOnlyForDeploymentPostprocessing = 0;
			shellPath = /bin/sh;
			shellScript = "\"${PODS_ROOT}/Target Support Files/Pods-Basic/Pods-Basic-frameworks.sh\"\n";
			showEnvVarsInLog = 0;
		};
/* End PBXShellScriptBuildPhase section */

/* Begin PBXSourcesBuildPhase section */
		69FB85602928ACEE00A9F2FF /* Sources */ = {
			isa = PBXSourcesBuildPhase;
			buildActionMask = 2147483647;
			files = (
				694F611D292A9F4F00FD2830 /* SliderProgrammaticallyVC.swift in Sources */,
				690EAF6029299577005F3318 /* ViewExtension.swift in Sources */,
				694F6111292A97BD00FD2830 /* SliderUsingStoryboardVC.swift in Sources */,
				69FB856C2928ACEF00A9F2FF /* ViewController.swift in Sources */,
				697A52E1292A7B0900990DD3 /* HeaderTitleViewController.swift in Sources */,
				697A52DF292A790500990DD3 /* InsertOrDeleteNameViewController.swift in Sources */,
				694F610F292A974200FD2830 /* SwitchUsingStoryboardVC.swift in Sources */,
				694F610D292A966900FD2830 /* TextViewUsingStoryBoardVC.swift in Sources */,
				694F6109292A90A700FD2830 /* ButtonProgramaticallyVC.swift in Sources */,
				697A52DD292A76F500990DD3 /* VCExtension.swift in Sources */,
				690EAF5C29298C36005F3318 /* AppColors.swift in Sources */,
				692276FF292A70E900C75D4E /* HardCodedArrayVC.swift in Sources */,
				694F6113292A98F300FD2830 /* ActivityIndicatorVC.swift in Sources */,
				694F610B292A94A300FD2830 /* TextFieldUsingStoryBoardVC.swift in Sources */,
				69FB85682928ACEF00A9F2FF /* AppDelegate.swift in Sources */,
				69FB856A2928ACEF00A9F2FF /* SceneDelegate.swift in Sources */,
				690EAF5E29298F98005F3318 /* AppCustomLabel.swift in Sources */,
				694F6119292A9A2000FD2830 /* SwitchProgramaticallyVC.swift in Sources */,
				697A52E3292A88E200990DD3 /* ButtonUsingStoryBoardVC.swift in Sources */,
				690EAF64292A125D005F3318 /* HomeScreenViewController.swift in Sources */,
				694F6117292A99DA00FD2830 /* TextViewProgramaticallyVC.swift in Sources */,
				694F6115292A99A500FD2830 /* TextFieldProgramaticallyVC.swift in Sources */,
				692276F6292A5C8E00C75D4E /* LabelUsingStoryBoardVC.swift in Sources */,
				692276FA292A651B00C75D4E /* LbelProgramiticallyViewController.swift in Sources */,
				694F611B292A9A8F00FD2830 /* ActivityIndicatorProgrammaticallyVC.swift in Sources */,
			);
			runOnlyForDeploymentPostprocessing = 0;
		};
/* End PBXSourcesBuildPhase section */

/* Begin PBXVariantGroup section */
		69FB856D2928ACEF00A9F2FF /* Main.storyboard */ = {
			isa = PBXVariantGroup;
			children = (
				69FB856E2928ACEF00A9F2FF /* Base */,
			);
			name = Main.storyboard;
			sourceTree = "<group>";
		};
		69FB85722928ACF300A9F2FF /* LaunchScreen.storyboard */ = {
			isa = PBXVariantGroup;
			children = (
				69FB85732928ACF300A9F2FF /* Base */,
			);
			name = LaunchScreen.storyboard;
			sourceTree = "<group>";
		};
/* End PBXVariantGroup section */

/* Begin XCBuildConfiguration section */
		69FB85762928ACF300A9F2FF /* Debug */ = {
			isa = XCBuildConfiguration;
			buildSettings = {
				ALWAYS_SEARCH_USER_PATHS = NO;
				CLANG_ANALYZER_NONNULL = YES;
				CLANG_ANALYZER_NUMBER_OBJECT_CONVERSION = YES_AGGRESSIVE;
				CLANG_CXX_LANGUAGE_STANDARD = "gnu++17";
				CLANG_ENABLE_MODULES = YES;
				CLANG_ENABLE_OBJC_ARC = YES;
				CLANG_ENABLE_OBJC_WEAK = YES;
				CLANG_WARN_BLOCK_CAPTURE_AUTORELEASING = YES;
				CLANG_WARN_BOOL_CONVERSION = YES;
				CLANG_WARN_COMMA = YES;
				CLANG_WARN_CONSTANT_CONVERSION = YES;
				CLANG_WARN_DEPRECATED_OBJC_IMPLEMENTATIONS = YES;
				CLANG_WARN_DIRECT_OBJC_ISA_USAGE = YES_ERROR;
				CLANG_WARN_DOCUMENTATION_COMMENTS = YES;
				CLANG_WARN_EMPTY_BODY = YES;
				CLANG_WARN_ENUM_CONVERSION = YES;
				CLANG_WARN_INFINITE_RECURSION = YES;
				CLANG_WARN_INT_CONVERSION = YES;
				CLANG_WARN_NON_LITERAL_NULL_CONVERSION = YES;
				CLANG_WARN_OBJC_IMPLICIT_RETAIN_SELF = YES;
				CLANG_WARN_OBJC_LITERAL_CONVERSION = YES;
				CLANG_WARN_OBJC_ROOT_CLASS = YES_ERROR;
				CLANG_WARN_QUOTED_INCLUDE_IN_FRAMEWORK_HEADER = YES;
				CLANG_WARN_RANGE_LOOP_ANALYSIS = YES;
				CLANG_WARN_STRICT_PROTOTYPES = YES;
				CLANG_WARN_SUSPICIOUS_MOVE = YES;
				CLANG_WARN_UNGUARDED_AVAILABILITY = YES_AGGRESSIVE;
				CLANG_WARN_UNREACHABLE_CODE = YES;
				CLANG_WARN__DUPLICATE_METHOD_MATCH = YES;
				COPY_PHASE_STRIP = NO;
				DEBUG_INFORMATION_FORMAT = dwarf;
				ENABLE_STRICT_OBJC_MSGSEND = YES;
				ENABLE_TESTABILITY = YES;
				GCC_C_LANGUAGE_STANDARD = gnu11;
				GCC_DYNAMIC_NO_PIC = NO;
				GCC_NO_COMMON_BLOCKS = YES;
				GCC_OPTIMIZATION_LEVEL = 0;
				GCC_PREPROCESSOR_DEFINITIONS = (
					"DEBUG=1",
					"$(inherited)",
				);
				GCC_WARN_64_TO_32_BIT_CONVERSION = YES;
				GCC_WARN_ABOUT_RETURN_TYPE = YES_ERROR;
				GCC_WARN_UNDECLARED_SELECTOR = YES;
				GCC_WARN_UNINITIALIZED_AUTOS = YES_AGGRESSIVE;
				GCC_WARN_UNUSED_FUNCTION = YES;
				GCC_WARN_UNUSED_VARIABLE = YES;
				IPHONEOS_DEPLOYMENT_TARGET = 13.0;
				MTL_ENABLE_DEBUG_INFO = INCLUDE_SOURCE;
				MTL_FAST_MATH = YES;
				ONLY_ACTIVE_ARCH = YES;
				SDKROOT = iphoneos;
				SWIFT_ACTIVE_COMPILATION_CONDITIONS = DEBUG;
				SWIFT_OPTIMIZATION_LEVEL = "-Onone";
			};
			name = Debug;
		};
		69FB85772928ACF300A9F2FF /* Release */ = {
			isa = XCBuildConfiguration;
			buildSettings = {
				ALWAYS_SEARCH_USER_PATHS = NO;
				CLANG_ANALYZER_NONNULL = YES;
				CLANG_ANALYZER_NUMBER_OBJECT_CONVERSION = YES_AGGRESSIVE;
				CLANG_CXX_LANGUAGE_STANDARD = "gnu++17";
				CLANG_ENABLE_MODULES = YES;
				CLANG_ENABLE_OBJC_ARC = YES;
				CLANG_ENABLE_OBJC_WEAK = YES;
				CLANG_WARN_BLOCK_CAPTURE_AUTORELEASING = YES;
				CLANG_WARN_BOOL_CONVERSION = YES;
				CLANG_WARN_COMMA = YES;
				CLANG_WARN_CONSTANT_CONVERSION = YES;
				CLANG_WARN_DEPRECATED_OBJC_IMPLEMENTATIONS = YES;
				CLANG_WARN_DIRECT_OBJC_ISA_USAGE = YES_ERROR;
				CLANG_WARN_DOCUMENTATION_COMMENTS = YES;
				CLANG_WARN_EMPTY_BODY = YES;
				CLANG_WARN_ENUM_CONVERSION = YES;
				CLANG_WARN_INFINITE_RECURSION = YES;
				CLANG_WARN_INT_CONVERSION = YES;
				CLANG_WARN_NON_LITERAL_NULL_CONVERSION = YES;
				CLANG_WARN_OBJC_IMPLICIT_RETAIN_SELF = YES;
				CLANG_WARN_OBJC_LITERAL_CONVERSION = YES;
				CLANG_WARN_OBJC_ROOT_CLASS = YES_ERROR;
				CLANG_WARN_QUOTED_INCLUDE_IN_FRAMEWORK_HEADER = YES;
				CLANG_WARN_RANGE_LOOP_ANALYSIS = YES;
				CLANG_WARN_STRICT_PROTOTYPES = YES;
				CLANG_WARN_SUSPICIOUS_MOVE = YES;
				CLANG_WARN_UNGUARDED_AVAILABILITY = YES_AGGRESSIVE;
				CLANG_WARN_UNREACHABLE_CODE = YES;
				CLANG_WARN__DUPLICATE_METHOD_MATCH = YES;
				COPY_PHASE_STRIP = NO;
				DEBUG_INFORMATION_FORMAT = "dwarf-with-dsym";
				ENABLE_NS_ASSERTIONS = NO;
				ENABLE_STRICT_OBJC_MSGSEND = YES;
				GCC_C_LANGUAGE_STANDARD = gnu11;
				GCC_NO_COMMON_BLOCKS = YES;
				GCC_WARN_64_TO_32_BIT_CONVERSION = YES;
				GCC_WARN_ABOUT_RETURN_TYPE = YES_ERROR;
				GCC_WARN_UNDECLARED_SELECTOR = YES;
				GCC_WARN_UNINITIALIZED_AUTOS = YES_AGGRESSIVE;
				GCC_WARN_UNUSED_FUNCTION = YES;
				GCC_WARN_UNUSED_VARIABLE = YES;
				IPHONEOS_DEPLOYMENT_TARGET = 13.0;
				MTL_ENABLE_DEBUG_INFO = NO;
				MTL_FAST_MATH = YES;
				SDKROOT = iphoneos;
				SWIFT_COMPILATION_MODE = wholemodule;
				SWIFT_OPTIMIZATION_LEVEL = "-O";
				VALIDATE_PRODUCT = YES;
			};
			name = Release;
		};
		69FB85792928ACF300A9F2FF /* Debug */ = {
			isa = XCBuildConfiguration;
			baseConfigurationReference = 574350963843AD3E25AF524F /* Pods-Basic.debug.xcconfig */;
			buildSettings = {
				ASSETCATALOG_COMPILER_APPICON_NAME = AppIcon;
				ASSETCATALOG_COMPILER_GLOBAL_ACCENT_COLOR_NAME = AccentColor;
				CODE_SIGN_STYLE = Automatic;
				CURRENT_PROJECT_VERSION = 1;
				DEVELOPMENT_TEAM = G56QYJ7ZRJ;
				GENERATE_INFOPLIST_FILE = YES;
				INFOPLIST_FILE = Basic/Info.plist;
				INFOPLIST_KEY_UIApplicationSupportsIndirectInputEvents = YES;
				INFOPLIST_KEY_UILaunchStoryboardName = LaunchScreen;
				INFOPLIST_KEY_UIMainStoryboardFile = Main;
				INFOPLIST_KEY_UISupportedInterfaceOrientations_iPad = "UIInterfaceOrientationPortrait UIInterfaceOrientationPortraitUpsideDown UIInterfaceOrientationLandscapeLeft UIInterfaceOrientationLandscapeRight";
				INFOPLIST_KEY_UISupportedInterfaceOrientations_iPhone = "UIInterfaceOrientationPortrait UIInterfaceOrientationLandscapeLeft UIInterfaceOrientationLandscapeRight";
				LD_RUNPATH_SEARCH_PATHS = (
					"$(inherited)",
					"@executable_path/Frameworks",
				);
				MARKETING_VERSION = 1.0;
				PRODUCT_BUNDLE_IDENTIFIER = com.cumulations..Basic;
				PRODUCT_NAME = "$(TARGET_NAME)";
				SWIFT_EMIT_LOC_STRINGS = YES;
				SWIFT_VERSION = 5.0;
				TARGETED_DEVICE_FAMILY = "1,2";
			};
			name = Debug;
		};
		69FB857A2928ACF300A9F2FF /* Release */ = {
			isa = XCBuildConfiguration;
			baseConfigurationReference = 6D8607DB810F73682FDE7FE9 /* Pods-Basic.release.xcconfig */;
			buildSettings = {
				ASSETCATALOG_COMPILER_APPICON_NAME = AppIcon;
				ASSETCATALOG_COMPILER_GLOBAL_ACCENT_COLOR_NAME = AccentColor;
				CODE_SIGN_STYLE = Automatic;
				CURRENT_PROJECT_VERSION = 1;
				DEVELOPMENT_TEAM = G56QYJ7ZRJ;
				GENERATE_INFOPLIST_FILE = YES;
				INFOPLIST_FILE = Basic/Info.plist;
				INFOPLIST_KEY_UIApplicationSupportsIndirectInputEvents = YES;
				INFOPLIST_KEY_UILaunchStoryboardName = LaunchScreen;
				INFOPLIST_KEY_UIMainStoryboardFile = Main;
				INFOPLIST_KEY_UISupportedInterfaceOrientations_iPad = "UIInterfaceOrientationPortrait UIInterfaceOrientationPortraitUpsideDown UIInterfaceOrientationLandscapeLeft UIInterfaceOrientationLandscapeRight";
				INFOPLIST_KEY_UISupportedInterfaceOrientations_iPhone = "UIInterfaceOrientationPortrait UIInterfaceOrientationLandscapeLeft UIInterfaceOrientationLandscapeRight";
				LD_RUNPATH_SEARCH_PATHS = (
					"$(inherited)",
					"@executable_path/Frameworks",
				);
				MARKETING_VERSION = 1.0;
				PRODUCT_BUNDLE_IDENTIFIER = com.cumulations..Basic;
				PRODUCT_NAME = "$(TARGET_NAME)";
				SWIFT_EMIT_LOC_STRINGS = YES;
				SWIFT_VERSION = 5.0;
				TARGETED_DEVICE_FAMILY = "1,2";
			};
			name = Release;
		};
/* End XCBuildConfiguration section */

/* Begin XCConfigurationList section */
		69FB855F2928ACEE00A9F2FF /* Build configuration list for PBXProject "Basic" */ = {
			isa = XCConfigurationList;
			buildConfigurations = (
				69FB85762928ACF300A9F2FF /* Debug */,
				69FB85772928ACF300A9F2FF /* Release */,
			);
			defaultConfigurationIsVisible = 0;
			defaultConfigurationName = Release;
		};
		69FB85782928ACF300A9F2FF /* Build configuration list for PBXNativeTarget "Basic" */ = {
			isa = XCConfigurationList;
			buildConfigurations = (
				69FB85792928ACF300A9F2FF /* Debug */,
				69FB857A2928ACF300A9F2FF /* Release */,
			);
			defaultConfigurationIsVisible = 0;
			defaultConfigurationName = Release;
		};
/* End XCConfigurationList section */
	};
	rootObject = 69FB855C2928ACEE00A9F2FF /* Project object */;
}
